
Microsoft Visual Studio Solution File, Format Version 12.00
# Visual Studio Version 17
VisualStudioVersion = 17.5.33414.496
MinimumVisualStudioVersion = 10.0.40219.1
Project("{9A19103F-16F7-4668-BE54-9A1E7A4F7556}") = "RoomBooking.Tests", "RoomBooking\RoomBooking.Tests.csproj", "{89600317-05F2-48B9-AEBE-C8E778AB5360}"
EndProject
Project("{FAE04EC0-301F-11D3-BF4B-00C04F79EFBC}") = "RoomBooking.App", "RoomBooking.App\RoomBooking.App.csproj", "{4C08CCD2-D630-43D0-9517-A99FB3D4D027}"
EndProject
Global
	GlobalSection(SolutionConfigurationPlatforms) = preSolution
		Debug|Any CPU = Debug|Any CPU
		Release|Any CPU = Release|Any CPU
	EndGlobalSection
	GlobalSection(ProjectConfigurationPlatforms) = postSolution
		{89600317-05F2-48B9-AEBE-C8E778AB5360}.Debug|Any CPU.ActiveCfg = Debug|Any CPU
		{89600317-05F2-48B9-AEBE-C8E778AB5360}.Debug|Any CPU.Build.0 = Debug|Any CPU
		{89600317-05F2-48B9-AEBE-C8E778AB5360}.Release|Any CPU.ActiveCfg = Release|Any CPU
		{89600317-05F2-48B9-AEBE-C8E778AB5360}.Release|Any CPU.Build.0 = Release|Any CPU
		{4C08CCD2-D630-43D0-9517-A99FB3D4D027}.Debug|Any CPU.ActiveCfg = Debug|Any CPU
		{4C08CCD2-D630-43D0-9517-A99FB3D4D027}.Debug|Any CPU.Build.0 = Debug|Any CPU
		{4C08CCD2-D630-43D0-9517-A99FB3D4D027}.Release|Any CPU.ActiveCfg = Release|Any CPU
		{4C08CCD2-D630-43D0-9517-A99FB3D4D027}.Release|Any CPU.Build.0 = Release|Any CPU
	EndGlobalSection
	GlobalSection(SolutionProperties) = preSolution
		HideSolutionNode = FALSE
	EndGlobalSection
	GlobalSection(ExtensibilityGlobals) = postSolution
		SolutionGuid = {7D59DB3B-BAD0-4B7B-93C7-58A2FDE2C678}
	EndGlobalSection
EndGlobal
